
Microsoft Visual Studio Solution File, Format Version 12.00
# Visual Studio Version 17
VisualStudioVersion = 17.9.34526.213
MinimumVisualStudioVersion = 10.0.40219.1
Project("{9A19103F-16F7-4668-BE54-9A1E7A4F7556}") = "Stormancer.HttpReverseProxy", "Stormancer.HttpReverseProxy\Stormancer.HttpReverseProxy.csproj", "{EFD08098-4581-47D5-9F6D-BD409D3298CE}"
EndProject
Global
	GlobalSection(SolutionConfigurationPlatforms) = preSolution
		Debug|Any CPU = Debug|Any CPU
		Release|Any CPU = Release|Any CPU
	EndGlobalSection
	GlobalSection(ProjectConfigurationPlatforms) = postSolution
		{EFD08098-4581-47D5-9F6D-BD409D3298CE}.Debug|Any CPU.ActiveCfg = Debug|Any CPU
		{EFD08098-4581-47D5-9F6D-BD409D3298CE}.Debug|Any CPU.Build.0 = Debug|Any CPU
		{EFD08098-4581-47D5-9F6D-BD409D3298CE}.Release|Any CPU.ActiveCfg = Release|Any CPU
		{EFD08098-4581-47D5-9F6D-BD409D3298CE}.Release|Any CPU.Build.0 = Release|Any CPU
	EndGlobalSection
	GlobalSection(SolutionProperties) = preSolution
		HideSolutionNode = FALSE
	EndGlobalSection
	GlobalSection(ExtensibilityGlobals) = postSolution
		SolutionGuid = {C2C16BCE-DC4F-488A-ADB5-C3093E05CC56}
	EndGlobalSection
EndGlobal
